
Microsoft Visual Studio Solution File, Format Version 12.00
# Visual Studio 15
Project("{FAE04EC0-301F-11D3-BF4B-00C04F79EFBC}") = "FPTeme", "FPTeme.csproj", "{EF9BECB4-2DF3-4F81-BFE8-124592CD1B17}"
EndProject
Global
	GlobalSection(SolutionConfigurationPlatforms) = preSolution
		Debug|Any CPU = Debug|Any CPU
		Release|Any CPU = Release|Any CPU
	EndGlobalSection
	GlobalSection(ProjectConfigurationPlatforms) = postSolution
		{EF9BECB4-2DF3-4F81-BFE8-124592CD1B17}.Debug|Any CPU.ActiveCfg = Debug|Any CPU
		{EF9BECB4-2DF3-4F81-BFE8-124592CD1B17}.Debug|Any CPU.Build.0 = Debug|Any CPU
		{EF9BECB4-2DF3-4F81-BFE8-124592CD1B17}.Release|Any CPU.ActiveCfg = Release|Any CPU
		{EF9BECB4-2DF3-4F81-BFE8-124592CD1B17}.Release|Any CPU.Build.0 = Release|Any CPU
	EndGlobalSection
EndGlobal
